
Microsoft Visual Studio Solution File, Format Version 12.00
# Visual Studio Version 17
VisualStudioVersion = 17.3.32901.215
MinimumVisualStudioVersion = 10.0.40219.1
Project("{FAE04EC0-301F-11D3-BF4B-00C04F79EFBC}") = "Invitation", "Invitation\Invitation.csproj", "{B98FE375-306D-484B-9E7A-5EE16D224126}"
EndProject
Global
	GlobalSection(SolutionConfigurationPlatforms) = preSolution
		Debug|Any CPU = Debug|Any CPU
		Release|Any CPU = Release|Any CPU
	EndGlobalSection
	GlobalSection(ProjectConfigurationPlatforms) = postSolution
		{B98FE375-306D-484B-9E7A-5EE16D224126}.Debug|Any CPU.ActiveCfg = Debug|Any CPU
		{B98FE375-306D-484B-9E7A-5EE16D224126}.Debug|Any CPU.Build.0 = Debug|Any CPU
		{B98FE375-306D-484B-9E7A-5EE16D224126}.Release|Any CPU.ActiveCfg = Release|Any CPU
		{B98FE375-306D-484B-9E7A-5EE16D224126}.Release|Any CPU.Build.0 = Release|Any CPU
	EndGlobalSection
	GlobalSection(SolutionProperties) = preSolution
		HideSolutionNode = FALSE
	EndGlobalSection
	GlobalSection(ExtensibilityGlobals) = postSolution
		SolutionGuid = {254006F0-E50E-4536-BE2F-9AE13E946AC1}
	EndGlobalSection
EndGlobal
